
Microsoft Visual Studio Solution File, Format Version 12.00
# Visual Studio Version 16
VisualStudioVersion = 16.0.29215.179
MinimumVisualStudioVersion = 10.0.40219.1
Project("{9A19103F-16F7-4668-BE54-9A1E7A4F7556}") = "BetterLog", "BetterLog.csproj", "{300DA299-C4F8-4967-8119-8F74BF1C9784}"
EndProject
Global
	GlobalSection(SolutionConfigurationPlatforms) = preSolution
		Debug|Any CPU = Debug|Any CPU
		Release|Any CPU = Release|Any CPU
	EndGlobalSection
	GlobalSection(ProjectConfigurationPlatforms) = postSolution
		{300DA299-C4F8-4967-8119-8F74BF1C9784}.Debug|Any CPU.ActiveCfg = Debug|Any CPU
		{300DA299-C4F8-4967-8119-8F74BF1C9784}.Debug|Any CPU.Build.0 = Debug|Any CPU
		{300DA299-C4F8-4967-8119-8F74BF1C9784}.Release|Any CPU.ActiveCfg = Release|Any CPU
		{300DA299-C4F8-4967-8119-8F74BF1C9784}.Release|Any CPU.Build.0 = Release|Any CPU
	EndGlobalSection
	GlobalSection(SolutionProperties) = preSolution
		HideSolutionNode = FALSE
	EndGlobalSection
	GlobalSection(ExtensibilityGlobals) = postSolution
		SolutionGuid = {81494FD7-C9D5-4581-8BBB-DFFD1707CD29}
	EndGlobalSection
EndGlobal
